// !$*UTF8*$!
{
	archiveVersion = 1;
	classes = {
	};
	objectVersion = 50;
	objects = {

/* Begin PBXBuildFile section */
		AF144B9B243A41990016B639 /* AppDelegate.swift in Sources */ = {isa = PBXBuildFile; fileRef = AF144B9A243A41990016B639 /* AppDelegate.swift */; };
		AF144B9D243A41990016B639 /* SceneDelegate.swift in Sources */ = {isa = PBXBuildFile; fileRef = AF144B9C243A41990016B639 /* SceneDelegate.swift */; };
		AF144B9F243A41990016B639 /* ViewController.swift in Sources */ = {isa = PBXBuildFile; fileRef = AF144B9E243A41990016B639 /* ViewController.swift */; };
		AF144BA2243A41990016B639 /* Main.storyboard in Resources */ = {isa = PBXBuildFile; fileRef = AF144BA0243A41990016B639 /* Main.storyboard */; };
		AF144BA4243A419D0016B639 /* Assets.xcassets in Resources */ = {isa = PBXBuildFile; fileRef = AF144BA3243A419D0016B639 /* Assets.xcassets */; };
		AF144BA7243A419D0016B639 /* LaunchScreen.storyboard in Resources */ = {isa = PBXBuildFile; fileRef = AF144BA5243A419D0016B639 /* LaunchScreen.storyboard */; };
		AF144BAF243A42420016B639 /* Model.swift in Sources */ = {isa = PBXBuildFile; fileRef = AF144BAE243A42420016B639 /* Model.swift */; };
		AF144BB2243A45DE0016B639 /* FriendCell.swift in Sources */ = {isa = PBXBuildFile; fileRef = AF144BB0243A45DE0016B639 /* FriendCell.swift */; };
		AF144BB3243A45DE0016B639 /* FriendCell.xib in Resources */ = {isa = PBXBuildFile; fileRef = AF144BB1243A45DE0016B639 /* FriendCell.xib */; };
		AF144BB6243A45FB0016B639 /* FamilyCell.swift in Sources */ = {isa = PBXBuildFile; fileRef = AF144BB4243A45FB0016B639 /* FamilyCell.swift */; };
		AF144BB7243A45FB0016B639 /* FamilyCell.xib in Resources */ = {isa = PBXBuildFile; fileRef = AF144BB5243A45FB0016B639 /* FamilyCell.xib */; };
		AF144BBA243A488E0016B639 /* FriendHeaderView.swift in Sources */ = {isa = PBXBuildFile; fileRef = AF144BB8243A488E0016B639 /* FriendHeaderView.swift */; };
		AF144BBB243A488E0016B639 /* FriendHeaderView.xib in Resources */ = {isa = PBXBuildFile; fileRef = AF144BB9243A488E0016B639 /* FriendHeaderView.xib */; };
		AF144BBE243A4AE80016B639 /* FamilyHeaderView.swift in Sources */ = {isa = PBXBuildFile; fileRef = AF144BBC243A4AE80016B639 /* FamilyHeaderView.swift */; };
		AF144BBF243A4AE80016B639 /* FamilyHeaderView.xib in Resources */ = {isa = PBXBuildFile; fileRef = AF144BBD243A4AE80016B639 /* FamilyHeaderView.xib */; };
/* End PBXBuildFile section */

/* Begin PBXFileReference section */
		AF144B97243A41990016B639 /* CollectionViewHeaderDemo.app */ = {isa = PBXFileReference; explicitFileType = wrapper.application; includeInIndex = 0; path = CollectionViewHeaderDemo.app; sourceTree = BUILT_PRODUCTS_DIR; };
		AF144B9A243A41990016B639 /* AppDelegate.swift */ = {isa = PBXFileReference; lastKnownFileType = sourcecode.swift; path = AppDelegate.swift; sourceTree = "<group>"; };
		AF144B9C243A41990016B639 /* SceneDelegate.swift */ = {isa = PBXFileReference; lastKnownFileType = sourcecode.swift; path = SceneDelegate.swift; sourceTree = "<group>"; };
		AF144B9E243A41990016B639 /* ViewController.swift */ = {isa = PBXFileReference; lastKnownFileType = sourcecode.swift; path = ViewController.swift; sourceTree = "<group>"; };
		AF144BA1243A41990016B639 /* Base */ = {isa = PBXFileReference; lastKnownFileType = file.storyboard; name = Base; path = Base.lproj/Main.storyboard; sourceTree = "<group>"; };
		AF144BA3243A419D0016B639 /* Assets.xcassets */ = {isa = PBXFileReference; lastKnownFileType = folder.assetcatalog; path = Assets.xcassets; sourceTree = "<group>"; };
		AF144BA6243A419D0016B639 /* Base */ = {isa = PBXFileReference; lastKnownFileType = file.storyboard; name = Base; path = Base.lproj/LaunchScreen.storyboard; sourceTree = "<group>"; };
		AF144BA8243A419D0016B639 /* Info.plist */ = {isa = PBXFileReference; lastKnownFileType = text.plist.xml; path = Info.plist; sourceTree = "<group>"; };
		AF144BAE243A42420016B639 /* Model.swift */ = {isa = PBXFileReference; lastKnownFileType = sourcecode.swift; path = Model.swift; sourceTree = "<group>"; };
		AF144BB0243A45DE0016B639 /* FriendCell.swift */ = {isa = PBXFileReference; lastKnownFileType = sourcecode.swift; path = FriendCell.swift; sourceTree = "<group>"; };
		AF144BB1243A45DE0016B639 /* FriendCell.xib */ = {isa = PBXFileReference; lastKnownFileType = file.xib; path = FriendCell.xib; sourceTree = "<group>"; };
		AF144BB4243A45FB0016B639 /* FamilyCell.swift */ = {isa = PBXFileReference; lastKnownFileType = sourcecode.swift; path = FamilyCell.swift; sourceTree = "<group>"; };
		AF144BB5243A45FB0016B639 /* FamilyCell.xib */ = {isa = PBXFileReference; lastKnownFileType = file.xib; path = FamilyCell.xib; sourceTree = "<group>"; };
		AF144BB8243A488E0016B639 /* FriendHeaderView.swift */ = {isa = PBXFileReference; lastKnownFileType = sourcecode.swift; path = FriendHeaderView.swift; sourceTree = "<group>"; };
		AF144BB9243A488E0016B639 /* FriendHeaderView.xib */ = {isa = PBXFileReference; lastKnownFileType = file.xib; path = FriendHeaderView.xib; sourceTree = "<group>"; };
		AF144BBC243A4AE80016B639 /* FamilyHeaderView.swift */ = {isa = PBXFileReference; lastKnownFileType = sourcecode.swift; path = FamilyHeaderView.swift; sourceTree = "<group>"; };
		AF144BBD243A4AE80016B639 /* FamilyHeaderView.xib */ = {isa = PBXFileReference; lastKnownFileType = file.xib; path = FamilyHeaderView.xib; sourceTree = "<group>"; };
/* End PBXFileReference section */

/* Begin PBXFrameworksBuildPhase section */
		AF144B94243A41990016B639 /* Frameworks */ = {
			isa = PBXFrameworksBuildPhase;
			buildActionMask = 2147483647;
			files = (
			);
			runOnlyForDeploymentPostprocessing = 0;
		};
/* End PBXFrameworksBuildPhase section */

/* Begin PBXGroup section */
		AF144B8E243A41990016B639 = {
			isa = PBXGroup;
			children = (
				AF144B99243A41990016B639 /* CollectionViewHeaderDemo */,
				AF144B98243A41990016B639 /* Products */,
			);
			sourceTree = "<group>";
		};
		AF144B98243A41990016B639 /* Products */ = {
			isa = PBXGroup;
			children = (
				AF144B97243A41990016B639 /* CollectionViewHeaderDemo.app */,
			);
			name = Products;
			sourceTree = "<group>";
		};
		AF144B99243A41990016B639 /* CollectionViewHeaderDemo */ = {
			isa = PBXGroup;
			children = (
				AF144B9A243A41990016B639 /* AppDelegate.swift */,
				AF144B9C243A41990016B639 /* SceneDelegate.swift */,
				AF144B9E243A41990016B639 /* ViewController.swift */,
				AF144BAE243A42420016B639 /* Model.swift */,
				AF144BB0243A45DE0016B639 /* FriendCell.swift */,
				AF144BB1243A45DE0016B639 /* FriendCell.xib */,
				AF144BB4243A45FB0016B639 /* FamilyCell.swift */,
				AF144BB5243A45FB0016B639 /* FamilyCell.xib */,
				AF144BB8243A488E0016B639 /* FriendHeaderView.swift */,
				AF144BB9243A488E0016B639 /* FriendHeaderView.xib */,
				AF144BBC243A4AE80016B639 /* FamilyHeaderView.swift */,
				AF144BBD243A4AE80016B639 /* FamilyHeaderView.xib */,
				AF144BA0243A41990016B639 /* Main.storyboard */,
				AF144BA3243A419D0016B639 /* Assets.xcassets */,
				AF144BA5243A419D0016B639 /* LaunchScreen.storyboard */,
				AF144BA8243A419D0016B639 /* Info.plist */,
			);
			path = CollectionViewHeaderDemo;
			sourceTree = "<group>";
		};
/* End PBXGroup section */

/* Begin PBXNativeTarget section */
		AF144B96243A41990016B639 /* CollectionViewHeaderDemo */ = {
			isa = PBXNativeTarget;
			buildConfigurationList = AF144BAB243A419D0016B639 /* Build configuration list for PBXNativeTarget "CollectionViewHeaderDemo" */;
			buildPhases = (
				AF144B93243A41990016B639 /* Sources */,
				AF144B94243A41990016B639 /* Frameworks */,
				AF144B95243A41990016B639 /* Resources */,
			);
			buildRules = (
			);
			dependencies = (
			);
			name = CollectionViewHeaderDemo;
			productName = CollectionViewHeaderDemo;
			productReference = AF144B97243A41990016B639 /* CollectionViewHeaderDemo.app */;
			productType = "com.apple.product-type.application";
		};
/* End PBXNativeTarget section */

/* Begin PBXProject section */
		AF144B8F243A41990016B639 /* Project object */ = {
			isa = PBXProject;
			attributes = {
				LastSwiftUpdateCheck = 1140;
				LastUpgradeCheck = 1140;
				ORGANIZATIONNAME = "Mufakkharul Islam Nayem";
				TargetAttributes = {
					AF144B96243A41990016B639 = {
						CreatedOnToolsVersion = 11.4;
					};
				};
			};
			buildConfigurationList = AF144B92243A41990016B639 /* Build configuration list for PBXProject "CollectionViewHeaderDemo" */;
			compatibilityVersion = "Xcode 9.3";
			developmentRegion = en;
			hasScannedForEncodings = 0;
			knownRegions = (
				en,
				Base,
			);
			mainGroup = AF144B8E243A41990016B639;
			productRefGroup = AF144B98243A41990016B639 /* Products */;
			projectDirPath = "";
			projectRoot = "";
			targets = (
				AF144B96243A41990016B639 /* CollectionViewHeaderDemo */,
			);
		};
/* End PBXProject section */

/* Begin PBXResourcesBuildPhase section */
		AF144B95243A41990016B639 /* Resources */ = {
			isa = PBXResourcesBuildPhase;
			buildActionMask = 2147483647;
			files = (
				AF144BA7243A419D0016B639 /* LaunchScreen.storyboard in Resources */,
				AF144BA4243A419D0016B639 /* Assets.xcassets in Resources */,
				AF144BB7243A45FB0016B639 /* FamilyCell.xib in Resources */,
				AF144BA2243A41990016B639 /* Main.storyboard in Resources */,
				AF144BBF243A4AE80016B639 /* FamilyHeaderView.xib in Resources */,
				AF144BB3243A45DE0016B639 /* FriendCell.xib in Resources */,
				AF144BBB243A488E0016B639 /* FriendHeaderView.xib in Resources */,
			);
			runOnlyForDeploymentPostprocessing = 0;
		};
/* End PBXResourcesBuildPhase section */

/* Begin PBXSourcesBuildPhase section */
		AF144B93243A41990016B639 /* Sources */ = {
			isa = PBXSourcesBuildPhase;
			buildActionMask = 2147483647;
			files = (
				AF144B9F243A41990016B639 /* ViewController.swift in Sources */,
				AF144B9B243A41990016B639 /* AppDelegate.swift in Sources */,
				AF144B9D243A41990016B639 /* SceneDelegate.swift in Sources */,
				AF144BAF243A42420016B639 /* Model.swift in Sources */,
				AF144BB2243A45DE0016B639 /* FriendCell.swift in Sources */,
				AF144BBA243A488E0016B639 /* FriendHeaderView.swift in Sources */,
				AF144BB6243A45FB0016B639 /* FamilyCell.swift in Sources */,
				AF144BBE243A4AE80016B639 /* FamilyHeaderView.swift in Sources */,
			);
			runOnlyForDeploymentPostprocessing = 0;
		};
/* End PBXSourcesBuildPhase section */

/* Begin PBXVariantGroup section */
		AF144BA0243A41990016B639 /* Main.storyboard */ = {
			isa = PBXVariantGroup;
			children = (
				AF144BA1243A41990016B639 /* Base */,
			);
			name = Main.storyboard;
			sourceTree = "<group>";
		};
		AF144BA5243A419D0016B639 /* LaunchScreen.storyboard */ = {
			isa = PBXVariantGroup;
			children = (
				AF144BA6243A419D0016B639 /* Base */,
			);
			name = LaunchScreen.storyboard;
			sourceTree = "<group>";
		};
/* End PBXVariantGroup section */

/* Begin XCBuildConfiguration section */
		AF144BA9243A419D0016B639 /* Debug */ = {
			isa = XCBuildConfiguration;
			buildSettings = {
				ALWAYS_SEARCH_USER_PATHS = NO;
				CLANG_ANALYZER_NONNULL = YES;
				CLANG_ANALYZER_NUMBER_OBJECT_CONVERSION = YES_AGGRESSIVE;
				CLANG_CXX_LANGUAGE_STANDARD = "gnu++14";
				CLANG_CXX_LIBRARY = "libc++";
				CLANG_ENABLE_MODULES = YES;
				CLANG_ENABLE_OBJC_ARC = YES;
				CLANG_ENABLE_OBJC_WEAK = YES;
				CLANG_WARN_BLOCK_CAPTURE_AUTORELEASING = YES;
				CLANG_WARN_BOOL_CONVERSION = YES;
				CLANG_WARN_COMMA = YES;
				CLANG_WARN_CONSTANT_CONVERSION = YES;
				CLANG_WARN_DEPRECATED_OBJC_IMPLEMENTATIONS = YES;
				CLANG_WARN_DIRECT_OBJC_ISA_USAGE = YES_ERROR;
				CLANG_WARN_DOCUMENTATION_COMMENTS = YES;
				CLANG_WARN_EMPTY_BODY = YES;
				CLANG_WARN_ENUM_CONVERSION = YES;
				CLANG_WARN_INFINITE_RECURSION = YES;
				CLANG_WARN_INT_CONVERSION = YES;
				CLANG_WARN_NON_LITERAL_NULL_CONVERSION = YES;
				CLANG_WARN_OBJC_IMPLICIT_RETAIN_SELF = YES;
				CLANG_WARN_OBJC_LITERAL_CONVERSION = YES;
				CLANG_WARN_OBJC_ROOT_CLASS = YES_ERROR;
				CLANG_WARN_RANGE_LOOP_ANALYSIS = YES;
				CLANG_WARN_STRICT_PROTOTYPES = YES;
				CLANG_WARN_SUSPICIOUS_MOVE = YES;
				CLANG_WARN_UNGUARDED_AVAILABILITY = YES_AGGRESSIVE;
				CLANG_WARN_UNREACHABLE_CODE = YES;
				CLANG_WARN__DUPLICATE_METHOD_MATCH = YES;
				COPY_PHASE_STRIP = NO;
				DEBUG_INFORMATION_FORMAT = dwarf;
				ENABLE_STRICT_OBJC_MSGSEND = YES;
				ENABLE_TESTABILITY = YES;
				GCC_C_LANGUAGE_STANDARD = gnu11;
				GCC_DYNAMIC_NO_PIC = NO;
				GCC_NO_COMMON_BLOCKS = YES;
				GCC_OPTIMIZATION_LEVEL = 0;
				GCC_PREPROCESSOR_DEFINITIONS = (
					"DEBUG=1",
					"$(inherited)",
				);
				GCC_WARN_64_TO_32_BIT_CONVERSION = YES;
				GCC_WARN_ABOUT_RETURN_TYPE = YES_ERROR;
				GCC_WARN_UNDECLARED_SELECTOR = YES;
				GCC_WARN_UNINITIALIZED_AUTOS = YES_AGGRESSIVE;
				GCC_WARN_UNUSED_FUNCTION = YES;
				GCC_WARN_UNUSED_VARIABLE = YES;
				IPHONEOS_DEPLOYMENT_TARGET = 13.0;
				MTL_ENABLE_DEBUG_INFO = INCLUDE_SOURCE;
				MTL_FAST_MATH = YES;
				ONLY_ACTIVE_ARCH = YES;
				SDKROOT = iphoneos;
				SWIFT_ACTIVE_COMPILATION_CONDITIONS = DEBUG;
				SWIFT_OPTIMIZATION_LEVEL = "-Onone";
			};
			name = Debug;
		};
		AF144BAA243A419D0016B639 /* Release */ = {
			isa = XCBuildConfiguration;
			buildSettings = {
				ALWAYS_SEARCH_USER_PATHS = NO;
				CLANG_ANALYZER_NONNULL = YES;
				CLANG_ANALYZER_NUMBER_OBJECT_CONVERSION = YES_AGGRESSIVE;
				CLANG_CXX_LANGUAGE_STANDARD = "gnu++14";
				CLANG_CXX_LIBRARY = "libc++";
				CLANG_ENABLE_MODULES = YES;
				CLANG_ENABLE_OBJC_ARC = YES;
				CLANG_ENABLE_OBJC_WEAK = YES;
				CLANG_WARN_BLOCK_CAPTURE_AUTORELEASING = YES;
				CLANG_WARN_BOOL_CONVERSION = YES;
				CLANG_WARN_COMMA = YES;
				CLANG_WARN_CONSTANT_CONVERSION = YES;
				CLANG_WARN_DEPRECATED_OBJC_IMPLEMENTATIONS = YES;
				CLANG_WARN_DIRECT_OBJC_ISA_USAGE = YES_ERROR;
				CLANG_WARN_DOCUMENTATION_COMMENTS = YES;
				CLANG_WARN_EMPTY_BODY = YES;
				CLANG_WARN_ENUM_CONVERSION = YES;
				CLANG_WARN_INFINITE_RECURSION = YES;
				CLANG_WARN_INT_CONVERSION = YES;
				CLANG_WARN_NON_LITERAL_NULL_CONVERSION = YES;
				CLANG_WARN_OBJC_IMPLICIT_RETAIN_SELF = YES;
				CLANG_WARN_OBJC_LITERAL_CONVERSION = YES;
				CLANG_WARN_OBJC_ROOT_CLASS = YES_ERROR;
				CLANG_WARN_RANGE_LOOP_ANALYSIS = YES;
				CLANG_WARN_STRICT_PROTOTYPES = YES;
				CLANG_WARN_SUSPICIOUS_MOVE = YES;
				CLANG_WARN_UNGUARDED_AVAILABILITY = YES_AGGRESSIVE;
				CLANG_WARN_UNREACHABLE_CODE = YES;
				CLANG_WARN__DUPLICATE_METHOD_MATCH = YES;
				COPY_PHASE_STRIP = NO;
				DEBUG_INFORMATION_FORMAT = "dwarf-with-dsym";
				ENABLE_NS_ASSERTIONS = NO;
				ENABLE_STRICT_OBJC_MSGSEND = YES;
				GCC_C_LANGUAGE_STANDARD = gnu11;
				GCC_NO_COMMON_BLOCKS = YES;
				GCC_WARN_64_TO_32_BIT_CONVERSION = YES;
				GCC_WARN_ABOUT_RETURN_TYPE = YES_ERROR;
				GCC_WARN_UNDECLARED_SELECTOR = YES;
				GCC_WARN_UNINITIALIZED_AUTOS = YES_AGGRESSIVE;
				GCC_WARN_UNUSED_FUNCTION = YES;
				GCC_WARN_UNUSED_VARIABLE = YES;
				IPHONEOS_DEPLOYMENT_TARGET = 13.0;
				MTL_ENABLE_DEBUG_INFO = NO;
				MTL_FAST_MATH = YES;
				SDKROOT = iphoneos;
				SWIFT_COMPILATION_MODE = wholemodule;
				SWIFT_OPTIMIZATION_LEVEL = "-O";
				VALIDATE_PRODUCT = YES;
			};
			name = Release;
		};
		AF144BAC243A419D0016B639 /* Debug */ = {
			isa = XCBuildConfiguration;
			buildSettings = {
				ASSETCATALOG_COMPILER_APPICON_NAME = AppIcon;
				CODE_SIGN_STYLE = Automatic;
				DEVELOPMENT_TEAM = A2D242JD56;
				INFOPLIST_FILE = CollectionViewHeaderDemo/Info.plist;
				LD_RUNPATH_SEARCH_PATHS = (
					"$(inherited)",
					"@executable_path/Frameworks",
				);
				PRODUCT_BUNDLE_IDENTIFIER = com.nayem.CollectionViewHeaderDemo;
				PRODUCT_NAME = "$(TARGET_NAME)";
				SWIFT_VERSION = 5.0;
				TARGETED_DEVICE_FAMILY = "1,2";
			};
			name = Debug;
		};
		AF144BAD243A419D0016B639 /* Release */ = {
			isa = XCBuildConfiguration;
			buildSettings = {
				ASSETCATALOG_COMPILER_APPICON_NAME = AppIcon;
				CODE_SIGN_STYLE = Automatic;
				DEVELOPMENT_TEAM = A2D242JD56;
				INFOPLIST_FILE = CollectionViewHeaderDemo/Info.plist;
				LD_RUNPATH_SEARCH_PATHS = (
					"$(inherited)",
					"@executable_path/Frameworks",
				);
				PRODUCT_BUNDLE_IDENTIFIER = com.nayem.CollectionViewHeaderDemo;
				PRODUCT_NAME = "$(TARGET_NAME)";
				SWIFT_VERSION = 5.0;
				TARGETED_DEVICE_FAMILY = "1,2";
			};
			name = Release;
		};
/* End XCBuildConfiguration section */

/* Begin XCConfigurationList section */
		AF144B92243A41990016B639 /* Build configuration list for PBXProject "CollectionViewHeaderDemo" */ = {
			isa = XCConfigurationList;
			buildConfigurations = (
				AF144BA9243A419D0016B639 /* Debug */,
				AF144BAA243A419D0016B639 /* Release */,
			);
			defaultConfigurationIsVisible = 0;
			defaultConfigurationName = Release;
		};
		AF144BAB243A419D0016B639 /* Build configuration list for PBXNativeTarget "CollectionViewHeaderDemo" */ = {
			isa = XCConfigurationList;
			buildConfigurations = (
				AF144BAC243A419D0016B639 /* Debug */,
				AF144BAD243A419D0016B639 /* Release */,
			);
			defaultConfigurationIsVisible = 0;
			defaultConfigurationName = Release;
		};
/* End XCConfigurationList section */
	};
	rootObject = AF144B8F243A41990016B639 /* Project object */;
}
